
Microsoft Visual Studio Solution File, Format Version 12.00
# Visual Studio Version 17
VisualStudioVersion = 17.7.34018.315
MinimumVisualStudioVersion = 10.0.40219.1
Project("{9A19103F-16F7-4668-BE54-9A1E7A4F7556}") = "EWallet", "EWallet\EWallet.csproj", "{E62A3C82-2322-44A5-828E-BD7600E23054}"
EndProject
Project("{FAE04EC0-301F-11D3-BF4B-00C04F79EFBC}") = "EWallet.Data", "EWallet.Data\EWallet.Data.csproj", "{81830C47-8FD1-45B3-983F-BBD979A533BE}"
EndProject
Global
	GlobalSection(SolutionConfigurationPlatforms) = preSolution
		Debug|Any CPU = Debug|Any CPU
		Release|Any CPU = Release|Any CPU
	EndGlobalSection
	GlobalSection(ProjectConfigurationPlatforms) = postSolution
		{E62A3C82-2322-44A5-828E-BD7600E23054}.Debug|Any CPU.ActiveCfg = Debug|Any CPU
		{E62A3C82-2322-44A5-828E-BD7600E23054}.Debug|Any CPU.Build.0 = Debug|Any CPU
		{E62A3C82-2322-44A5-828E-BD7600E23054}.Release|Any CPU.ActiveCfg = Release|Any CPU
		{E62A3C82-2322-44A5-828E-BD7600E23054}.Release|Any CPU.Build.0 = Release|Any CPU
		{81830C47-8FD1-45B3-983F-BBD979A533BE}.Debug|Any CPU.ActiveCfg = Debug|Any CPU
		{81830C47-8FD1-45B3-983F-BBD979A533BE}.Debug|Any CPU.Build.0 = Debug|Any CPU
		{81830C47-8FD1-45B3-983F-BBD979A533BE}.Release|Any CPU.ActiveCfg = Release|Any CPU
		{81830C47-8FD1-45B3-983F-BBD979A533BE}.Release|Any CPU.Build.0 = Release|Any CPU
	EndGlobalSection
	GlobalSection(SolutionProperties) = preSolution
		HideSolutionNode = FALSE
	EndGlobalSection
	GlobalSection(ExtensibilityGlobals) = postSolution
		SolutionGuid = {519D92C6-9304-46FD-93BC-78CFB4D123A2}
	EndGlobalSection
EndGlobal
